
Microsoft Visual Studio Solution File, Format Version 12.00
# Visual Studio 15
VisualStudioVersion = 15.0.28010.2016
MinimumVisualStudioVersion = 10.0.40219.1
Project("{FAE04EC0-301F-11D3-BF4B-00C04F79EFBC}") = "VideoPoker", "VideoPoker\VideoPoker.csproj", "{76E100B8-CDC6-4B90-A33D-112343C70E0B}"
EndProject
Global
	GlobalSection(SolutionConfigurationPlatforms) = preSolution
		Debug|Any CPU = Debug|Any CPU
		Release|Any CPU = Release|Any CPU
	EndGlobalSection
	GlobalSection(ProjectConfigurationPlatforms) = postSolution
		{76E100B8-CDC6-4B90-A33D-112343C70E0B}.Debug|Any CPU.ActiveCfg = Debug|Any CPU
		{76E100B8-CDC6-4B90-A33D-112343C70E0B}.Debug|Any CPU.Build.0 = Debug|Any CPU
		{76E100B8-CDC6-4B90-A33D-112343C70E0B}.Release|Any CPU.ActiveCfg = Release|Any CPU
		{76E100B8-CDC6-4B90-A33D-112343C70E0B}.Release|Any CPU.Build.0 = Release|Any CPU
	EndGlobalSection
	GlobalSection(SolutionProperties) = preSolution
		HideSolutionNode = FALSE
	EndGlobalSection
	GlobalSection(ExtensibilityGlobals) = postSolution
		SolutionGuid = {A710774F-615B-4B2E-A2B6-DD97A5894904}
	EndGlobalSection
EndGlobal
